
Microsoft Visual Studio Solution File, Format Version 12.00
# Visual Studio 15
VisualStudioVersion = 15.0.28307.779
MinimumVisualStudioVersion = 10.0.40219.1
Project("{FAE04EC0-301F-11D3-BF4B-00C04F79EFBC}") = "PeterStankowski", "PeterStankowski\PeterStankowski.csproj", "{BE092FD5-00E9-43C2-A1B4-107DCB6F7D56}"
EndProject
Project("{FAE04EC0-301F-11D3-BF4B-00C04F79EFBC}") = "CV.Core", "CV.Core\CV.Core.csproj", "{EF2CEE7C-B641-4A31-AB6B-C2C0B756C25D}"
EndProject
Project("{FAE04EC0-301F-11D3-BF4B-00C04F79EFBC}") = "CV.Core.Test", "CV.Core.Test\CV.Core.Test.csproj", "{02CD0040-23EB-4121-8ACD-F293FFDAA7C0}"
EndProject
Global
	GlobalSection(SolutionConfigurationPlatforms) = preSolution
		Debug|Any CPU = Debug|Any CPU
		Release|Any CPU = Release|Any CPU
	EndGlobalSection
	GlobalSection(ProjectConfigurationPlatforms) = postSolution
		{BE092FD5-00E9-43C2-A1B4-107DCB6F7D56}.Debug|Any CPU.ActiveCfg = Debug|Any CPU
		{BE092FD5-00E9-43C2-A1B4-107DCB6F7D56}.Debug|Any CPU.Build.0 = Debug|Any CPU
		{BE092FD5-00E9-43C2-A1B4-107DCB6F7D56}.Release|Any CPU.ActiveCfg = Release|Any CPU
		{BE092FD5-00E9-43C2-A1B4-107DCB6F7D56}.Release|Any CPU.Build.0 = Release|Any CPU
		{EF2CEE7C-B641-4A31-AB6B-C2C0B756C25D}.Debug|Any CPU.ActiveCfg = Debug|Any CPU
		{EF2CEE7C-B641-4A31-AB6B-C2C0B756C25D}.Debug|Any CPU.Build.0 = Debug|Any CPU
		{EF2CEE7C-B641-4A31-AB6B-C2C0B756C25D}.Release|Any CPU.ActiveCfg = Release|Any CPU
		{EF2CEE7C-B641-4A31-AB6B-C2C0B756C25D}.Release|Any CPU.Build.0 = Release|Any CPU
		{02CD0040-23EB-4121-8ACD-F293FFDAA7C0}.Debug|Any CPU.ActiveCfg = Debug|Any CPU
		{02CD0040-23EB-4121-8ACD-F293FFDAA7C0}.Debug|Any CPU.Build.0 = Debug|Any CPU
		{02CD0040-23EB-4121-8ACD-F293FFDAA7C0}.Release|Any CPU.ActiveCfg = Release|Any CPU
		{02CD0040-23EB-4121-8ACD-F293FFDAA7C0}.Release|Any CPU.Build.0 = Release|Any CPU
	EndGlobalSection
	GlobalSection(SolutionProperties) = preSolution
		HideSolutionNode = FALSE
	EndGlobalSection
	GlobalSection(ExtensibilityGlobals) = postSolution
		SolutionGuid = {3C218A14-044E-4605-B4DF-2859D55ABEBB}
	EndGlobalSection
EndGlobal
